
Microsoft Visual Studio Solution File, Format Version 12.00
# Visual Studio Version 16
VisualStudioVersion = 25.0.1706.12
MinimumVisualStudioVersion = 10.0.40219.1
Project("{FAE04EC0-301F-11D3-BF4B-00C04F79EFBC}") = "next try1", "next try1\next try1.csproj", "{94137E90-4808-40AA-9E90-C40BA756F5BA}"
EndProject
Global
	GlobalSection(SolutionConfigurationPlatforms) = preSolution
		Debug|Any CPU = Debug|Any CPU
		Release|Any CPU = Release|Any CPU
	EndGlobalSection
	GlobalSection(ProjectConfigurationPlatforms) = postSolution
		{94137E90-4808-40AA-9E90-C40BA756F5BA}.Debug|Any CPU.ActiveCfg = Debug|Any CPU
		{94137E90-4808-40AA-9E90-C40BA756F5BA}.Debug|Any CPU.Build.0 = Debug|Any CPU
		{94137E90-4808-40AA-9E90-C40BA756F5BA}.Release|Any CPU.ActiveCfg = Release|Any CPU
		{94137E90-4808-40AA-9E90-C40BA756F5BA}.Release|Any CPU.Build.0 = Release|Any CPU
	EndGlobalSection
	GlobalSection(SolutionProperties) = preSolution
		HideSolutionNode = FALSE
	EndGlobalSection
	GlobalSection(ExtensibilityGlobals) = postSolution
		SolutionGuid = {C4BF8BA6-77D8-44B1-AC90-40C978026B38}
	EndGlobalSection
EndGlobal
